Microsoft Visual Studio Solution File, Format Version 12.00
# Visual Studio Version 16
VisualStudioVersion = 16.0.30804.86
MinimumVisualStudioVersion = 10.0.40219.1
Project("{2150E333-8FDC-42A3-9474-1A3956D46DE8}") = "Solution Items", "Solution Items", "{2A6E65A4-27C6-4318-AE62-EAD5E3C0F913}"
	ProjectSection(SolutionItems) = preProject
		DaliLicense.txt = DaliLicense.txt
		JuiceLicense.txt = JuiceLicense.txt
		JuicePlay.vsd = JuicePlay.vsd
		progress.txt = progress.txt
	EndProjectSection
EndProject
Project("{8BC9CEB8-8B4A-11D0-8D11-00A0C91BC942}") = "GATest", "src\GATest\GATest.vcxproj", "{9BD475B2-C9B8-4FD4-9FEC-A17E8A9F1C77}"
EndProject
Project("{8BC9CEB8-8B4A-11D0-8D11-00A0C91BC942}") = "JuiceDynamicsNovodex", "src\JuiceDynamicsNovodex\JuiceDynamicsNovodex.vcxproj", "{3CE52403-CFBE-4F2E-8103-50D6449AAA12}"
EndProject
Project("{8BC9CEB8-8B4A-11D0-8D11-00A0C91BC942}") = "Generics", "src\Generics\Generics.vcxproj", "{61274684-71A3-4BD5-A6B7-FF7C190EA53C}"
EndProject
Project("{8BC9CEB8-8B4A-11D0-8D11-00A0C91BC942}") = "JuiceEngine", "src\JuiceEngine\JuiceEngine.vcxproj", "{001B8B6A-9FD5-40AE-AA1E-8DE4B856879C}"
	ProjectSection(ProjectDependencies) = postProject
		{61274684-71A3-4BD5-A6B7-FF7C190EA53C} = {61274684-71A3-4BD5-A6B7-FF7C190EA53C}
	EndProjectSection
EndProject
Project("{8BC9CEB8-8B4A-11D0-8D11-00A0C91BC942}") = "JuiceDynamicsODE", "src\JuiceDynamicsODE\JuiceDynamicsODE.vcxproj", "{4B8A39D0-C610-49FD-8C36-1B9D4218A8D8}"
	ProjectSection(ProjectDependencies) = postProject
		{61274684-71A3-4BD5-A6B7-FF7C190EA53C} = {61274684-71A3-4BD5-A6B7-FF7C190EA53C}
	EndProjectSection
EndProject
Project("{8BC9CEB8-8B4A-11D0-8D11-00A0C91BC942}") = "JuicePlay", "src\JuicePlay\JuicePlay.vcxproj", "{D8D9EA16-D593-4E9D-B957-2C445D1C07D3}"
	ProjectSection(ProjectDependencies) = postProject
		{001B8B6A-9FD5-40AE-AA1E-8DE4B856879C} = {001B8B6A-9FD5-40AE-AA1E-8DE4B856879C}
		{61274684-71A3-4BD5-A6B7-FF7C190EA53C} = {61274684-71A3-4BD5-A6B7-FF7C190EA53C}
		{4B8A39D0-C610-49FD-8C36-1B9D4218A8D8} = {4B8A39D0-C610-49FD-8C36-1B9D4218A8D8}
	EndProjectSection
EndProject
Global
	GlobalSection(SolutionConfigurationPlatforms) = preSolution
		Debug|Win32 = Debug|Win32
		Release|Win32 = Release|Win32
	EndGlobalSection
	GlobalSection(ProjectConfigurationPlatforms) = postSolution
		{9BD475B2-C9B8-4FD4-9FEC-A17E8A9F1C77}.Debug|Win32.ActiveCfg = Debug|Win32
		{9BD475B2-C9B8-4FD4-9FEC-A17E8A9F1C77}.Debug|Win32.Build.0 = Debug|Win32
		{9BD475B2-C9B8-4FD4-9FEC-A17E8A9F1C77}.Release|Win32.ActiveCfg = Release|Win32
		{9BD475B2-C9B8-4FD4-9FEC-A17E8A9F1C77}.Release|Win32.Build.0 = Release|Win32
		{3CE52403-CFBE-4F2E-8103-50D6449AAA12}.Debug|Win32.ActiveCfg = Debug|Win32
		{3CE52403-CFBE-4F2E-8103-50D6449AAA12}.Debug|Win32.Build.0 = Debug|Win32
		{3CE52403-CFBE-4F2E-8103-50D6449AAA12}.Release|Win32.ActiveCfg = Release|Win32
		{3CE52403-CFBE-4F2E-8103-50D6449AAA12}.Release|Win32.Build.0 = Release|Win32
		{61274684-71A3-4BD5-A6B7-FF7C190EA53C}.Debug|Win32.ActiveCfg = Debug|Win32
		{61274684-71A3-4BD5-A6B7-FF7C190EA53C}.Debug|Win32.Build.0 = Debug|Win32
		{61274684-71A3-4BD5-A6B7-FF7C190EA53C}.Release|Win32.ActiveCfg = Release|Win32
		{61274684-71A3-4BD5-A6B7-FF7C190EA53C}.Release|Win32.Build.0 = Release|Win32
		{001B8B6A-9FD5-40AE-AA1E-8DE4B856879C}.Debug|Win32.ActiveCfg = Debug|Win32
		{001B8B6A-9FD5-40AE-AA1E-8DE4B856879C}.Debug|Win32.Build.0 = Debug|Win32
		{001B8B6A-9FD5-40AE-AA1E-8DE4B856879C}.Release|Win32.ActiveCfg = Release|Win32
		{001B8B6A-9FD5-40AE-AA1E-8DE4B856879C}.Release|Win32.Build.0 = Release|Win32
		{4B8A39D0-C610-49FD-8C36-1B9D4218A8D8}.Debug|Win32.ActiveCfg = Debug|Win32
		{4B8A39D0-C610-49FD-8C36-1B9D4218A8D8}.Debug|Win32.Build.0 = Debug|Win32
		{4B8A39D0-C610-49FD-8C36-1B9D4218A8D8}.Release|Win32.ActiveCfg = Release|Win32
		{4B8A39D0-C610-49FD-8C36-1B9D4218A8D8}.Release|Win32.Build.0 = Release|Win32
		{D8D9EA16-D593-4E9D-B957-2C445D1C07D3}.Debug|Win32.ActiveCfg = Debug|Win32
		{D8D9EA16-D593-4E9D-B957-2C445D1C07D3}.Debug|Win32.Build.0 = Debug|Win32
		{D8D9EA16-D593-4E9D-B957-2C445D1C07D3}.Release|Win32.ActiveCfg = Release|Win32
		{D8D9EA16-D593-4E9D-B957-2C445D1C07D3}.Release|Win32.Build.0 = Release|Win32
	EndGlobalSection
	GlobalSection(SolutionProperties) = preSolution
		HideSolutionNode = FALSE
	EndGlobalSection
	GlobalSection(ExtensibilityGlobals) = postSolution
		SolutionGuid = {04EF7DB5-6562-443E-A6BD-71284C269CD6}
	EndGlobalSection
EndGlobal
